
Microsoft Visual Studio Solution File, Format Version 12.00
# Visual Studio 15
VisualStudioVersion = 15.0.28307.271
MinimumVisualStudioVersion = 10.0.40219.1
Project("{FAE04EC0-301F-11D3-BF4B-00C04F79EFBC}") = "SweetWaterTest", "SweetWaterTest\SweetWaterTest.csproj", "{495EBA17-9ECE-4FB1-B646-64E95379085E}"
EndProject
Global
	GlobalSection(SolutionConfigurationPlatforms) = preSolution
		Debug|Any CPU = Debug|Any CPU
		Release|Any CPU = Release|Any CPU
	EndGlobalSection
	GlobalSection(ProjectConfigurationPlatforms) = postSolution
		{495EBA17-9ECE-4FB1-B646-64E95379085E}.Debug|Any CPU.ActiveCfg = Debug|Any CPU
		{495EBA17-9ECE-4FB1-B646-64E95379085E}.Debug|Any CPU.Build.0 = Debug|Any CPU
		{495EBA17-9ECE-4FB1-B646-64E95379085E}.Release|Any CPU.ActiveCfg = Release|Any CPU
		{495EBA17-9ECE-4FB1-B646-64E95379085E}.Release|Any CPU.Build.0 = Release|Any CPU
	EndGlobalSection
	GlobalSection(SolutionProperties) = preSolution
		HideSolutionNode = FALSE
	EndGlobalSection
	GlobalSection(ExtensibilityGlobals) = postSolution
		SolutionGuid = {84950B08-0DCD-4C98-84EA-8525D630D687}
	EndGlobalSection
EndGlobal
